# THIS IS AN AUTOGENERATED FILE. DO NOT EDIT THIS FILE DIRECTLY.
# yarn lockfile v1


"@getvim/execute@^1.0.0":
  version "1.0.0"
  resolved "https://registry.yarnpkg.com/@getvim/execute/-/execute-1.0.0.tgz#c6265e94caff8f1c52dee565a5b8a90166910612"
  integrity sha512-DBtKHtKq4GKNnHL8pmiZb2y7uhkfVaQljqlmOJODDtJJfVOPQtUMMJCbEBTbvrqTnOlzgcgftUIsJCbLNgukdg==

convict@^6.2.1:
  version "6.2.1"
  resolved "https://registry.yarnpkg.com/convict/-/convict-6.2.1.tgz#9c7f1442d8d0421b2ac72062e7b52c444b2827eb"
  integrity sha512-Mn4AJiYkR3TAZH1Xm/RU7gFS/0kM5TBSAQDry8y40Aez0ASY+3boUhv+3QE5XbOXiXM2JjdhkKve3IsBvWCibQ==
  dependencies:
    lodash.clonedeep "^4.5.0"
    yargs-parser "^20.2.7"

dotenv@^16.0.0:
  version "16.0.0"
  resolved "https://registry.yarnpkg.com/dotenv/-/dotenv-16.0.0.tgz#c619001253be89ebb638d027b609c75c26e47411"
  integrity sha512-qD9WU0MPM4SWLPJy/r2Be+2WgQj8plChsyrCNQzW/0WjvcJQiKQJ9mH3ZgB3fxbUUxgc/11ZJ0Fi5KiimWGz2Q==

lodash.clonedeep@^4.5.0:
  version "4.5.0"
  resolved "https://registry.yarnpkg.com/lodash.clonedeep/-/lodash.clonedeep-4.5.0.tgz#e23f3f9c4f8fbdde872529c1071857a086e5ccef"
  integrity sha1-4j8/nE+Pvd6HJSnBBxhXoIblzO8=

yargs-parser@^20.2.7:
  version "20.2.9"
  resolved "https://registry.yarnpkg.com/yargs-parser/-/yargs-parser-20.2.9.tgz#2eb7dc3b0289718fc295f362753845c41a0c94ee"
  integrity sha512-y11nGElTIV+CT3Zv9t7VKl+Q3hTQoT9a1Qzezhhl6Rp21gJ/IVTW7Z3y9EWXhuUBC2Shnf+DX0antecpAwSP8w==
